
Microsoft Visual Studio Solution File, Format Version 12.00
Project("{FAE04EC0-301F-11D3-BF4B-00C04F79EFBC}") = "Scafold", "src\Scafold\Scafold.csproj", "{CAD8895E-D995-44A2-A92C-F23C07AF8760}"
EndProject
Project("{2150E333-8FDC-42A3-9474-1A3956D46DE8}") = "Backend", "Backend", "{478CECCE-2BD7-4D8B-9BC5-6A8BDF19E54B}"
EndProject
Project("{FAE04EC0-301F-11D3-BF4B-00C04F79EFBC}") = "Refiz.Domain", "src\backend\Refiz.Domain\Refiz.Domain.csproj", "{3F749E15-32A6-40FB-8590-584C2D7D36BC}"
EndProject
Project("{FAE04EC0-301F-11D3-BF4B-00C04F79EFBC}") = "Refiz.Infrastructure", "src\backend\Refiz.Infrastructure\Refiz.Infrastructure.csproj", "{8C30558E-4214-4910-9590-34EE4DE19AC5}"
EndProject
Project("{FAE04EC0-301F-11D3-BF4B-00C04F79EFBC}") = "Refiz.Queries", "src\Refiz.Queries\Refiz.Queries.csproj", "{4E0E4E63-426A-4022-95E7-F8E689C93BCD}"
EndProject
Project("{2150E333-8FDC-42A3-9474-1A3956D46DE8}") = "Tests", "Tests", "{324ACFD4-81AF-4989-B135-D8F81C171A30}"
EndProject
Project("{FAE04EC0-301F-11D3-BF4B-00C04F79EFBC}") = "Refiz.Queries.Database.Tests", "src\tests\Refiz.Queries.Database.Tests\Refiz.Queries.Database.Tests.csproj", "{E5E632EC-8A83-4A53-8F8C-17B54EA89162}"
EndProject
Project("{2150E333-8FDC-42A3-9474-1A3956D46DE8}") = "Solution Items", "Solution Items", "{26DD952C-7430-4B15-84CB-BD84B60CB55F}"
	ProjectSection(SolutionItems) = preProject
		global.json = global.json
		.github\workflows\dotnet.yml = .github\workflows\dotnet.yml
	EndProjectSection
EndProject
Global
	GlobalSection(SolutionConfigurationPlatforms) = preSolution
		Debug|Any CPU = Debug|Any CPU
		Release|Any CPU = Release|Any CPU
	EndGlobalSection
	GlobalSection(ProjectConfigurationPlatforms) = postSolution
		{CAD8895E-D995-44A2-A92C-F23C07AF8760}.Debug|Any CPU.ActiveCfg = Debug|Any CPU
		{CAD8895E-D995-44A2-A92C-F23C07AF8760}.Debug|Any CPU.Build.0 = Debug|Any CPU
		{CAD8895E-D995-44A2-A92C-F23C07AF8760}.Release|Any CPU.ActiveCfg = Release|Any CPU
		{CAD8895E-D995-44A2-A92C-F23C07AF8760}.Release|Any CPU.Build.0 = Release|Any CPU
		{3F749E15-32A6-40FB-8590-584C2D7D36BC}.Debug|Any CPU.ActiveCfg = Debug|Any CPU
		{3F749E15-32A6-40FB-8590-584C2D7D36BC}.Debug|Any CPU.Build.0 = Debug|Any CPU
		{3F749E15-32A6-40FB-8590-584C2D7D36BC}.Release|Any CPU.ActiveCfg = Release|Any CPU
		{3F749E15-32A6-40FB-8590-584C2D7D36BC}.Release|Any CPU.Build.0 = Release|Any CPU
		{8C30558E-4214-4910-9590-34EE4DE19AC5}.Debug|Any CPU.ActiveCfg = Debug|Any CPU
		{8C30558E-4214-4910-9590-34EE4DE19AC5}.Debug|Any CPU.Build.0 = Debug|Any CPU
		{8C30558E-4214-4910-9590-34EE4DE19AC5}.Release|Any CPU.ActiveCfg = Release|Any CPU
		{8C30558E-4214-4910-9590-34EE4DE19AC5}.Release|Any CPU.Build.0 = Release|Any CPU
		{4E0E4E63-426A-4022-95E7-F8E689C93BCD}.Debug|Any CPU.ActiveCfg = Debug|Any CPU
		{4E0E4E63-426A-4022-95E7-F8E689C93BCD}.Debug|Any CPU.Build.0 = Debug|Any CPU
		{4E0E4E63-426A-4022-95E7-F8E689C93BCD}.Release|Any CPU.ActiveCfg = Release|Any CPU
		{4E0E4E63-426A-4022-95E7-F8E689C93BCD}.Release|Any CPU.Build.0 = Release|Any CPU
		{E5E632EC-8A83-4A53-8F8C-17B54EA89162}.Debug|Any CPU.ActiveCfg = Debug|Any CPU
		{E5E632EC-8A83-4A53-8F8C-17B54EA89162}.Debug|Any CPU.Build.0 = Debug|Any CPU
		{E5E632EC-8A83-4A53-8F8C-17B54EA89162}.Release|Any CPU.ActiveCfg = Release|Any CPU
		{E5E632EC-8A83-4A53-8F8C-17B54EA89162}.Release|Any CPU.Build.0 = Release|Any CPU
	EndGlobalSection
	GlobalSection(NestedProjects) = preSolution
		{3F749E15-32A6-40FB-8590-584C2D7D36BC} = {478CECCE-2BD7-4D8B-9BC5-6A8BDF19E54B}
		{8C30558E-4214-4910-9590-34EE4DE19AC5} = {478CECCE-2BD7-4D8B-9BC5-6A8BDF19E54B}
		{4E0E4E63-426A-4022-95E7-F8E689C93BCD} = {478CECCE-2BD7-4D8B-9BC5-6A8BDF19E54B}
		{E5E632EC-8A83-4A53-8F8C-17B54EA89162} = {324ACFD4-81AF-4989-B135-D8F81C171A30}
	EndGlobalSection
EndGlobal
