
Microsoft Visual Studio Solution File, Format Version 12.00
# Visual Studio Version 17
VisualStudioVersion = 17.4.32912.340
MinimumVisualStudioVersion = 10.0.40219.1
Project("{9A19103F-16F7-4668-BE54-9A1E7A4F7556}") = "Scafold", "src\Scafold\Scafold.csproj", "{CAD8895E-D995-44A2-A92C-F23C07AF8760}"
EndProject
Project("{2150E333-8FDC-42A3-9474-1A3956D46DE8}") = "Backend", "Backend", "{478CECCE-2BD7-4D8B-9BC5-6A8BDF19E54B}"
EndProject
Project("{9A19103F-16F7-4668-BE54-9A1E7A4F7556}") = "Refiz.Domain", "src\backend\Refiz.Domain\Refiz.Domain.csproj", "{3F749E15-32A6-40FB-8590-584C2D7D36BC}"
EndProject
Project("{9A19103F-16F7-4668-BE54-9A1E7A4F7556}") = "Refiz.Infrastructure", "src\backend\Refiz.Infrastructure\Refiz.Infrastructure.csproj", "{8C30558E-4214-4910-9590-34EE4DE19AC5}"
EndProject
Project("{9A19103F-16F7-4668-BE54-9A1E7A4F7556}") = "Refiz.Queries", "src\Refiz.Queries\Refiz.Queries.csproj", "{4E0E4E63-426A-4022-95E7-F8E689C93BCD}"
EndProject
Project("{2150E333-8FDC-42A3-9474-1A3956D46DE8}") = "Tests", "Tests", "{324ACFD4-81AF-4989-B135-D8F81C171A30}"
EndProject
Project("{9A19103F-16F7-4668-BE54-9A1E7A4F7556}") = "Refiz.Queries.Database.Tests", "src\tests\Refiz.Queries.Database.Tests\Refiz.Queries.Database.Tests.csproj", "{E5E632EC-8A83-4A53-8F8C-17B54EA89162}"
EndProject
Project("{2150E333-8FDC-42A3-9474-1A3956D46DE8}") = "Solution Items", "Solution Items", "{26DD952C-7430-4B15-84CB-BD84B60CB55F}"
	ProjectSection(SolutionItems) = preProject
		.editorconfig = .editorconfig
		.gitignore = .gitignore
		.github\workflows\dotnet.yml = .github\workflows\dotnet.yml
		global.json = global.json
	EndProjectSection
EndProject
Project("{9A19103F-16F7-4668-BE54-9A1E7A4F7556}") = "Refiz.Infrastructure.Tests", "src\tests\Refiz.Infrastructure.Tests\Refiz.Infrastructure.Tests.csproj", "{AD321B6B-3805-46F6-BDBB-BD9DCCCE665C}"
EndProject
Project("{9A19103F-16F7-4668-BE54-9A1E7A4F7556}") = "Refiz.Application", "src\Refiz.Application\Refiz.Application.csproj", "{8606E952-640C-4205-8090-67D19F67F8DA}"
EndProject
Project("{9A19103F-16F7-4668-BE54-9A1E7A4F7556}") = "Refiz.Application.Tests", "src\tests\Refiz.Application.Tests\Refiz.Application.Tests.csproj", "{7EC83237-AB52-40DA-AD3F-E675B1ACDFA7}"
EndProject
Project("{2150E333-8FDC-42A3-9474-1A3956D46DE8}") = "Frontend", "Frontend", "{02BDDA25-0AAB-44A1-BED5-4021A20DEFBF}"
EndProject
Project("{9A19103F-16F7-4668-BE54-9A1E7A4F7556}") = "Refiz.Blazor", "src\Frontend\Refiz.Blazor\Refiz.Blazor.csproj", "{7FCA3295-3BB0-4754-BFEB-C823DBA85000}"
EndProject
Project("{9A19103F-16F7-4668-BE54-9A1E7A4F7556}") = "Refiz.Razor", "src\Frontend\Refiz.Razor\Refiz.Razor.csproj", "{7C5102EB-4225-4025-B842-C59574F6FB1F}"
EndProject
Project("{9A19103F-16F7-4668-BE54-9A1E7A4F7556}") = "Refiz.Resources", "src\backend\Refiz.Resources\Refiz.Resources.csproj", "{0A2E837A-B3E8-4D06-89D4-2361AB32F46F}"
EndProject
Global
	GlobalSection(SolutionConfigurationPlatforms) = preSolution
		Debug|Any CPU = Debug|Any CPU
		Release|Any CPU = Release|Any CPU
	EndGlobalSection
	GlobalSection(ProjectConfigurationPlatforms) = postSolution
		{CAD8895E-D995-44A2-A92C-F23C07AF8760}.Debug|Any CPU.ActiveCfg = Debug|Any CPU
		{CAD8895E-D995-44A2-A92C-F23C07AF8760}.Debug|Any CPU.Build.0 = Debug|Any CPU
		{CAD8895E-D995-44A2-A92C-F23C07AF8760}.Release|Any CPU.ActiveCfg = Release|Any CPU
		{CAD8895E-D995-44A2-A92C-F23C07AF8760}.Release|Any CPU.Build.0 = Release|Any CPU
		{3F749E15-32A6-40FB-8590-584C2D7D36BC}.Debug|Any CPU.ActiveCfg = Debug|Any CPU
		{3F749E15-32A6-40FB-8590-584C2D7D36BC}.Debug|Any CPU.Build.0 = Debug|Any CPU
		{3F749E15-32A6-40FB-8590-584C2D7D36BC}.Release|Any CPU.ActiveCfg = Release|Any CPU
		{3F749E15-32A6-40FB-8590-584C2D7D36BC}.Release|Any CPU.Build.0 = Release|Any CPU
		{8C30558E-4214-4910-9590-34EE4DE19AC5}.Debug|Any CPU.ActiveCfg = Debug|Any CPU
		{8C30558E-4214-4910-9590-34EE4DE19AC5}.Debug|Any CPU.Build.0 = Debug|Any CPU
		{8C30558E-4214-4910-9590-34EE4DE19AC5}.Release|Any CPU.ActiveCfg = Release|Any CPU
		{8C30558E-4214-4910-9590-34EE4DE19AC5}.Release|Any CPU.Build.0 = Release|Any CPU
		{4E0E4E63-426A-4022-95E7-F8E689C93BCD}.Debug|Any CPU.ActiveCfg = Debug|Any CPU
		{4E0E4E63-426A-4022-95E7-F8E689C93BCD}.Debug|Any CPU.Build.0 = Debug|Any CPU
		{4E0E4E63-426A-4022-95E7-F8E689C93BCD}.Release|Any CPU.ActiveCfg = Release|Any CPU
		{4E0E4E63-426A-4022-95E7-F8E689C93BCD}.Release|Any CPU.Build.0 = Release|Any CPU
		{E5E632EC-8A83-4A53-8F8C-17B54EA89162}.Debug|Any CPU.ActiveCfg = Debug|Any CPU
		{E5E632EC-8A83-4A53-8F8C-17B54EA89162}.Debug|Any CPU.Build.0 = Debug|Any CPU
		{E5E632EC-8A83-4A53-8F8C-17B54EA89162}.Release|Any CPU.ActiveCfg = Release|Any CPU
		{E5E632EC-8A83-4A53-8F8C-17B54EA89162}.Release|Any CPU.Build.0 = Release|Any CPU
		{AD321B6B-3805-46F6-BDBB-BD9DCCCE665C}.Debug|Any CPU.ActiveCfg = Debug|Any CPU
		{AD321B6B-3805-46F6-BDBB-BD9DCCCE665C}.Debug|Any CPU.Build.0 = Debug|Any CPU
		{AD321B6B-3805-46F6-BDBB-BD9DCCCE665C}.Release|Any CPU.ActiveCfg = Release|Any CPU
		{AD321B6B-3805-46F6-BDBB-BD9DCCCE665C}.Release|Any CPU.Build.0 = Release|Any CPU
		{8606E952-640C-4205-8090-67D19F67F8DA}.Debug|Any CPU.ActiveCfg = Debug|Any CPU
		{8606E952-640C-4205-8090-67D19F67F8DA}.Debug|Any CPU.Build.0 = Debug|Any CPU
		{8606E952-640C-4205-8090-67D19F67F8DA}.Release|Any CPU.ActiveCfg = Release|Any CPU
		{8606E952-640C-4205-8090-67D19F67F8DA}.Release|Any CPU.Build.0 = Release|Any CPU
		{7EC83237-AB52-40DA-AD3F-E675B1ACDFA7}.Debug|Any CPU.ActiveCfg = Debug|Any CPU
		{7EC83237-AB52-40DA-AD3F-E675B1ACDFA7}.Debug|Any CPU.Build.0 = Debug|Any CPU
		{7EC83237-AB52-40DA-AD3F-E675B1ACDFA7}.Release|Any CPU.ActiveCfg = Release|Any CPU
		{7EC83237-AB52-40DA-AD3F-E675B1ACDFA7}.Release|Any CPU.Build.0 = Release|Any CPU
		{7FCA3295-3BB0-4754-BFEB-C823DBA85000}.Debug|Any CPU.ActiveCfg = Debug|Any CPU
		{7FCA3295-3BB0-4754-BFEB-C823DBA85000}.Debug|Any CPU.Build.0 = Debug|Any CPU
		{7FCA3295-3BB0-4754-BFEB-C823DBA85000}.Release|Any CPU.ActiveCfg = Release|Any CPU
		{7FCA3295-3BB0-4754-BFEB-C823DBA85000}.Release|Any CPU.Build.0 = Release|Any CPU
		{7C5102EB-4225-4025-B842-C59574F6FB1F}.Debug|Any CPU.ActiveCfg = Debug|Any CPU
		{7C5102EB-4225-4025-B842-C59574F6FB1F}.Debug|Any CPU.Build.0 = Debug|Any CPU
		{7C5102EB-4225-4025-B842-C59574F6FB1F}.Release|Any CPU.ActiveCfg = Release|Any CPU
		{7C5102EB-4225-4025-B842-C59574F6FB1F}.Release|Any CPU.Build.0 = Release|Any CPU
		{0A2E837A-B3E8-4D06-89D4-2361AB32F46F}.Debug|Any CPU.ActiveCfg = Debug|Any CPU
		{0A2E837A-B3E8-4D06-89D4-2361AB32F46F}.Debug|Any CPU.Build.0 = Debug|Any CPU
		{0A2E837A-B3E8-4D06-89D4-2361AB32F46F}.Release|Any CPU.ActiveCfg = Release|Any CPU
		{0A2E837A-B3E8-4D06-89D4-2361AB32F46F}.Release|Any CPU.Build.0 = Release|Any CPU
	EndGlobalSection
	GlobalSection(SolutionProperties) = preSolution
		HideSolutionNode = FALSE
	EndGlobalSection
	GlobalSection(NestedProjects) = preSolution
		{3F749E15-32A6-40FB-8590-584C2D7D36BC} = {478CECCE-2BD7-4D8B-9BC5-6A8BDF19E54B}
		{8C30558E-4214-4910-9590-34EE4DE19AC5} = {478CECCE-2BD7-4D8B-9BC5-6A8BDF19E54B}
		{4E0E4E63-426A-4022-95E7-F8E689C93BCD} = {478CECCE-2BD7-4D8B-9BC5-6A8BDF19E54B}
		{E5E632EC-8A83-4A53-8F8C-17B54EA89162} = {324ACFD4-81AF-4989-B135-D8F81C171A30}
		{AD321B6B-3805-46F6-BDBB-BD9DCCCE665C} = {324ACFD4-81AF-4989-B135-D8F81C171A30}
		{8606E952-640C-4205-8090-67D19F67F8DA} = {478CECCE-2BD7-4D8B-9BC5-6A8BDF19E54B}
		{7EC83237-AB52-40DA-AD3F-E675B1ACDFA7} = {324ACFD4-81AF-4989-B135-D8F81C171A30}
		{7FCA3295-3BB0-4754-BFEB-C823DBA85000} = {02BDDA25-0AAB-44A1-BED5-4021A20DEFBF}
		{7C5102EB-4225-4025-B842-C59574F6FB1F} = {02BDDA25-0AAB-44A1-BED5-4021A20DEFBF}
		{0A2E837A-B3E8-4D06-89D4-2361AB32F46F} = {478CECCE-2BD7-4D8B-9BC5-6A8BDF19E54B}
	EndGlobalSection
	GlobalSection(ExtensibilityGlobals) = postSolution
		SolutionGuid = {0853BA15-187C-4605-BB93-156945DC72BF}
	EndGlobalSection
EndGlobal
